// !$*UTF8*$!
{
	archiveVersion = 1;
	classes = {
	};
	objectVersion = 46;
	objects = {

/* Begin PBXBuildFile section */
		0E46EE5A1C310F500000BE18 /* Marker.m in Sources */ = {isa = PBXBuildFile; fileRef = 0E46EE581C310F500000BE18 /* Marker.m */; };
		0E46EE5B1C310F500000BE18 /* Marker.xib in Resources */ = {isa = PBXBuildFile; fileRef = 0E46EE591C310F500000BE18 /* Marker.xib */; };
		0E46EEA51C3138F70000BE18 /* Maps.sqlite in Resources */ = {isa = PBXBuildFile; fileRef = 0E46EEA41C3138F70000BE18 /* Maps.sqlite */; };
		0E46EF011C33A4F30000BE18 /* ORM.m in Sources */ = {isa = PBXBuildFile; fileRef = 0E46EF001C33A4F30000BE18 /* ORM.m */; };
		0E46EF071C33A4FA0000BE18 /* ActiveSupportInflector.m in Sources */ = {isa = PBXBuildFile; fileRef = 0E46EF031C33A4FA0000BE18 /* ActiveSupportInflector.m */; };
		0E46EF081C33A4FA0000BE18 /* ActiveSupportInflector.plist in Resources */ = {isa = PBXBuildFile; fileRef = 0E46EF041C33A4FA0000BE18 /* ActiveSupportInflector.plist */; };
		0E46EF091C33A4FA0000BE18 /* NSString+ActiveSupportInflector.m in Sources */ = {isa = PBXBuildFile; fileRef = 0E46EF061C33A4FA0000BE18 /* NSString+ActiveSupportInflector.m */; };
		0E46EF0C1C33A5000000BE18 /* Path.m in Sources */ = {isa = PBXBuildFile; fileRef = 0E46EF0B1C33A5000000BE18 /* Path.m */; };
		0E46EF131C33A8370000BE18 /* GPS.m in Sources */ = {isa = PBXBuildFile; fileRef = 0E46EF121C33A8370000BE18 /* GPS.m */; };
		0E46EF161C33EBB60000BE18 /* PathGPS.m in Sources */ = {isa = PBXBuildFile; fileRef = 0E46EF151C33EBB60000BE18 /* PathGPS.m */; };
		0E46EF191C39707D0000BE18 /* PolylinesTableViewController.m in Sources */ = {isa = PBXBuildFile; fileRef = 0E46EF181C39707D0000BE18 /* PolylinesTableViewController.m */; };
		0E46EF1D1C3970DB0000BE18 /* MyNavigationController.m in Sources */ = {isa = PBXBuildFile; fileRef = 0E46EF1C1C3970DB0000BE18 /* MyNavigationController.m */; };
		0E46EF201C3975340000BE18 /* PolylineTableViewCell.m in Sources */ = {isa = PBXBuildFile; fileRef = 0E46EF1F1C3975340000BE18 /* PolylineTableViewCell.m */; };
		0EF05E251C29467A00243BB9 /* main.m in Sources */ = {isa = PBXBuildFile; fileRef = 0EF05E241C29467A00243BB9 /* main.m */; };
		0EF05E281C29467A00243BB9 /* AppDelegate.m in Sources */ = {isa = PBXBuildFile; fileRef = 0EF05E271C29467A00243BB9 /* AppDelegate.m */; };
		0EF05E2E1C29467A00243BB9 /* Main.storyboard in Resources */ = {isa = PBXBuildFile; fileRef = 0EF05E2C1C29467A00243BB9 /* Main.storyboard */; };
		0EF05E311C29467A00243BB9 /* Maps.xcdatamodeld in Sources */ = {isa = PBXBuildFile; fileRef = 0EF05E2F1C29467A00243BB9 /* Maps.xcdatamodeld */; };
		0EF05E331C29467A00243BB9 /* Assets.xcassets in Resources */ = {isa = PBXBuildFile; fileRef = 0EF05E321C29467A00243BB9 /* Assets.xcassets */; };
		0EF05E361C29467A00243BB9 /* LaunchScreen.storyboard in Resources */ = {isa = PBXBuildFile; fileRef = 0EF05E341C29467A00243BB9 /* LaunchScreen.storyboard */; };
		0EF05E411C29467A00243BB9 /* MapsTests.m in Sources */ = {isa = PBXBuildFile; fileRef = 0EF05E401C29467A00243BB9 /* MapsTests.m */; };
		0EF05E4C1C29467A00243BB9 /* MapsUITests.m in Sources */ = {isa = PBXBuildFile; fileRef = 0EF05E4B1C29467A00243BB9 /* MapsUITests.m */; };
		0EF05E5A1C29491B00243BB9 /* CoreLocation.framework in Frameworks */ = {isa = PBXBuildFile; fileRef = 0EF05E591C29491B00243BB9 /* CoreLocation.framework */; };
		0EF05EA01C29819500243BB9 /* SystemConfiguration.framework in Frameworks */ = {isa = PBXBuildFile; fileRef = 0EF05E9F1C29819500243BB9 /* SystemConfiguration.framework */; };
		0EF05EA21C29819E00243BB9 /* MobileCoreServices.framework in Frameworks */ = {isa = PBXBuildFile; fileRef = 0EF05EA11C29819E00243BB9 /* MobileCoreServices.framework */; };
		0EF05EA41C2981A600243BB9 /* AudioToolbox.framework in Frameworks */ = {isa = PBXBuildFile; fileRef = 0EF05EA31C2981A600243BB9 /* AudioToolbox.framework */; };
		0EF05EBA1C29843800243BB9 /* Bolts.framework in Frameworks */ = {isa = PBXBuildFile; fileRef = 0EF05EB71C29843800243BB9 /* Bolts.framework */; };
		0EF05EBB1C29843800243BB9 /* Parse.framework in Frameworks */ = {isa = PBXBuildFile; fileRef = 0EF05EB81C29843800243BB9 /* Parse.framework */; };
		0EF05EBC1C29843800243BB9 /* ParseFacebookUtils.framework in Frameworks */ = {isa = PBXBuildFile; fileRef = 0EF05EB91C29843800243BB9 /* ParseFacebookUtils.framework */; };
		0EF05EBE1C2984D800243BB9 /* libsqlite3.dylib in Frameworks */ = {isa = PBXBuildFile; fileRef = 0EF05EBD1C2984D800243BB9 /* libsqlite3.dylib */; };
		0EF05F181C2A405800243BB9 /* GpsViewController.m in Sources */ = {isa = PBXBuildFile; fileRef = 0EF05F171C2A405800243BB9 /* GpsViewController.m */; };
		0EF05F1B1C2A7BA300243BB9 /* MapKit.framework in Frameworks */ = {isa = PBXBuildFile; fileRef = 0EF05F1A1C2A7BA300243BB9 /* MapKit.framework */; };
		0EF05F1E1C2A8F0200243BB9 /* MyUITabBar.m in Sources */ = {isa = PBXBuildFile; fileRef = 0EF05F1D1C2A8F0200243BB9 /* MyUITabBar.m */; };
		0EF05F221C2A8F7F00243BB9 /* MyUITabBarController.m in Sources */ = {isa = PBXBuildFile; fileRef = 0EF05F211C2A8F7F00243BB9 /* MyUITabBarController.m */; };
		0EF05F251C2A989100243BB9 /* MapViewController.m in Sources */ = {isa = PBXBuildFile; fileRef = 0EF05F241C2A989100243BB9 /* MapViewController.m */; };
		0EF05F291C2B87C000243BB9 /* OAHUD.m in Sources */ = {isa = PBXBuildFile; fileRef = 0EF05F281C2B87C000243BB9 /* OAHUD.m */; };
		0EF05F3F1C2B950E00243BB9 /* AFHTTPRequestOperation.m in Sources */ = {isa = PBXBuildFile; fileRef = 0EF05F2D1C2B950D00243BB9 /* AFHTTPRequestOperation.m */; };
		0EF05F401C2B950E00243BB9 /* AFHTTPRequestOperationManager.m in Sources */ = {isa = PBXBuildFile; fileRef = 0EF05F2F1C2B950D00243BB9 /* AFHTTPRequestOperationManager.m */; };
		0EF05F411C2B950E00243BB9 /* AFHTTPSessionManager.m in Sources */ = {isa = PBXBuildFile; fileRef = 0EF05F311C2B950D00243BB9 /* AFHTTPSessionManager.m */; };
		0EF05F421C2B950E00243BB9 /* AFNetworkReachabilityManager.m in Sources */ = {isa = PBXBuildFile; fileRef = 0EF05F341C2B950D00243BB9 /* AFNetworkReachabilityManager.m */; };
		0EF05F431C2B950E00243BB9 /* AFSecurityPolicy.m in Sources */ = {isa = PBXBuildFile; fileRef = 0EF05F361C2B950D00243BB9 /* AFSecurityPolicy.m */; };
		0EF05F441C2B950E00243BB9 /* AFURLConnectionOperation.m in Sources */ = {isa = PBXBuildFile; fileRef = 0EF05F381C2B950D00243BB9 /* AFURLConnectionOperation.m */; };
		0EF05F451C2B950E00243BB9 /* AFURLRequestSerialization.m in Sources */ = {isa = PBXBuildFile; fileRef = 0EF05F3A1C2B950E00243BB9 /* AFURLRequestSerialization.m */; };
		0EF05F461C2B950E00243BB9 /* AFURLResponseSerialization.m in Sources */ = {isa = PBXBuildFile; fileRef = 0EF05F3C1C2B950E00243BB9 /* AFURLResponseSerialization.m */; };
		0EF05F471C2B950E00243BB9 /* AFURLSessionManager.m in Sources */ = {isa = PBXBuildFile; fileRef = 0EF05F3E1C2B950E00243BB9 /* AFURLSessionManager.m */; };
		0EF05F4F1C2B968E00243BB9 /* RIButtonItem.m in Sources */ = {isa = PBXBuildFile; fileRef = 0EF05F4A1C2B968E00243BB9 /* RIButtonItem.m */; };
		0EF05F501C2B968E00243BB9 /* UIActionSheet+Blocks.m in Sources */ = {isa = PBXBuildFile; fileRef = 0EF05F4C1C2B968E00243BB9 /* UIActionSheet+Blocks.m */; };
		0EF05F511C2B968E00243BB9 /* UIAlertView+Blocks.m in Sources */ = {isa = PBXBuildFile; fileRef = 0EF05F4E1C2B968E00243BB9 /* UIAlertView+Blocks.m */; };
		0EF05F591C2C59CE00243BB9 /* MemoView.m in Sources */ = {isa = PBXBuildFile; fileRef = 0EF05F581C2C59CE00243BB9 /* MemoView.m */; };
		0EF05FFB1C2D465500243BB9 /* MKAnnotationView+WebCache.m in Sources */ = {isa = PBXBuildFile; fileRef = 0EF05FDB1C2D465500243BB9 /* MKAnnotationView+WebCache.m */; };
		0EF05FFC1C2D465500243BB9 /* NSData+ImageContentType.m in Sources */ = {isa = PBXBuildFile; fileRef = 0EF05FDD1C2D465500243BB9 /* NSData+ImageContentType.m */; };
		0EF05FFD1C2D465500243BB9 /* SDImageCache.m in Sources */ = {isa = PBXBuildFile; fileRef = 0EF05FDF1C2D465500243BB9 /* SDImageCache.m */; };
		0EF05FFE1C2D465500243BB9 /* SDWebImageCompat.m in Sources */ = {isa = PBXBuildFile; fileRef = 0EF05FE11C2D465500243BB9 /* SDWebImageCompat.m */; };
		0EF05FFF1C2D465500243BB9 /* SDWebImageDecoder.m in Sources */ = {isa = PBXBuildFile; fileRef = 0EF05FE31C2D465500243BB9 /* SDWebImageDecoder.m */; };
		0EF060001C2D465500243BB9 /* SDWebImageDownloader.m in Sources */ = {isa = PBXBuildFile; fileRef = 0EF05FE51C2D465500243BB9 /* SDWebImageDownloader.m */; };
		0EF060011C2D465500243BB9 /* SDWebImageDownloaderOperation.m in Sources */ = {isa = PBXBuildFile; fileRef = 0EF05FE71C2D465500243BB9 /* SDWebImageDownloaderOperation.m */; };
		0EF060021C2D465500243BB9 /* SDWebImageManager.m in Sources */ = {isa = PBXBuildFile; fileRef = 0EF05FE91C2D465500243BB9 /* SDWebImageManager.m */; };
		0EF060031C2D465500243BB9 /* SDWebImagePrefetcher.m in Sources */ = {isa = PBXBuildFile; fileRef = 0EF05FEC1C2D465500243BB9 /* SDWebImagePrefetcher.m */; };
		0EF060041C2D465500243BB9 /* UIButton+WebCache.m in Sources */ = {isa = PBXBuildFile; fileRef = 0EF05FEE1C2D465500243BB9 /* UIButton+WebCache.m */; };
		0EF060051C2D465500243BB9 /* UIImage+GIF.m in Sources */ = {isa = PBXBuildFile; fileRef = 0EF05FF01C2D465500243BB9 /* UIImage+GIF.m */; };
		0EF060061C2D465500243BB9 /* UIImage+MultiFormat.m in Sources */ = {isa = PBXBuildFile; fileRef = 0EF05FF21C2D465500243BB9 /* UIImage+MultiFormat.m */; };
		0EF060071C2D465500243BB9 /* UIImage+WebP.m in Sources */ = {isa = PBXBuildFile; fileRef = 0EF05FF41C2D465500243BB9 /* UIImage+WebP.m */; };
		0EF060081C2D465500243BB9 /* UIImageView+HighlightedWebCache.m in Sources */ = {isa = PBXBuildFile; fileRef = 0EF05FF61C2D465500243BB9 /* UIImageView+HighlightedWebCache.m */; };
		0EF060091C2D465500243BB9 /* UIImageView+WebCache.m in Sources */ = {isa = PBXBuildFile; fileRef = 0EF05FF81C2D465500243BB9 /* UIImageView+WebCache.m */; };
		0EF0600A1C2D465500243BB9 /* UIView+WebCacheOperation.m in Sources */ = {isa = PBXBuildFile; fileRef = 0EF05FFA1C2D465500243BB9 /* UIView+WebCacheOperation.m */; };
		0EF060101C2D473700243BB9 /* MyAnnotation.m in Sources */ = {isa = PBXBuildFile; fileRef = 0EF0600F1C2D473700243BB9 /* MyAnnotation.m */; };
/* End PBXBuildFile section */

/* Begin PBXContainerItemProxy section */
		0EF05E3D1C29467A00243BB9 /* PBXContainerItemProxy */ = {
			isa = PBXContainerItemProxy;
			containerPortal = 0EF05E181C29467A00243BB9 /* Project object */;
			proxyType = 1;
			remoteGlobalIDString = 0EF05E1F1C29467A00243BB9;
			remoteInfo = Maps;
		};
		0EF05E481C29467A00243BB9 /* PBXContainerItemProxy */ = {
			isa = PBXContainerItemProxy;
			containerPortal = 0EF05E181C29467A00243BB9 /* Project object */;
			proxyType = 1;
			remoteGlobalIDString = 0EF05E1F1C29467A00243BB9;
			remoteInfo = Maps;
		};
/* End PBXContainerItemProxy section */

/* Begin PBXFileReference section */
		0E46EE571C310F500000BE18 /* Marker.h */ = {isa = PBXFileReference; fileEncoding = 4; lastKnownFileType = sourcecode.c.h; path = Marker.h; sourceTree = "<group>"; };
		0E46EE581C310F500000BE18 /* Marker.m */ = {isa = PBXFileReference; fileEncoding = 4; lastKnownFileType = sourcecode.c.objc; path = Marker.m; sourceTree = "<group>"; };
		0E46EE591C310F500000BE18 /* Marker.xib */ = {isa = PBXFileReference; fileEncoding = 4; lastKnownFileType = file.xib; path = Marker.xib; sourceTree = "<group>"; };
		0E46EEA41C3138F70000BE18 /* Maps.sqlite */ = {isa = PBXFileReference; lastKnownFileType = file; path = Maps.sqlite; sourceTree = "<group>"; };
		0E46EEFF1C33A4F30000BE18 /* ORM.h */ = {isa = PBXFileReference; fileEncoding = 4; lastKnownFileType = sourcecode.c.h; path = ORM.h; sourceTree = "<group>"; };
		0E46EF001C33A4F30000BE18 /* ORM.m */ = {isa = PBXFileReference; fileEncoding = 4; lastKnownFileType = sourcecode.c.objc; path = ORM.m; sourceTree = "<group>"; };
		0E46EF021C33A4FA0000BE18 /* ActiveSupportInflector.h */ = {isa = PBXFileReference; fileEncoding = 4; lastKnownFileType = sourcecode.c.h; path = ActiveSupportInflector.h; sourceTree = "<group>"; };
		0E46EF031C33A4FA0000BE18 /* ActiveSupportInflector.m */ = {isa = PBXFileReference; fileEncoding = 4; lastKnownFileType = sourcecode.c.objc; path = ActiveSupportInflector.m; sourceTree = "<group>"; };
		0E46EF041C33A4FA0000BE18 /* ActiveSupportInflector.plist */ = {isa = PBXFileReference; lastKnownFileType = text.plist; path = ActiveSupportInflector.plist; sourceTree = "<group>"; };
		0E46EF051C33A4FA0000BE18 /* NSString+ActiveSupportInflector.h */ = {isa = PBXFileReference; fileEncoding = 4; lastKnownFileType = sourcecode.c.h; path = "NSString+ActiveSupportInflector.h"; sourceTree = "<group>"; };
		0E46EF061C33A4FA0000BE18 /* NSString+ActiveSupportInflector.m */ = {isa = PBXFileReference; fileEncoding = 4; lastKnownFileType = sourcecode.c.objc; path = "NSString+ActiveSupportInflector.m"; sourceTree = "<group>"; };
		0E46EF0A1C33A5000000BE18 /* Path.h */ = {isa = PBXFileReference; fileEncoding = 4; lastKnownFileType = sourcecode.c.h; path = Path.h; sourceTree = "<group>"; };
		0E46EF0B1C33A5000000BE18 /* Path.m */ = {isa = PBXFileReference; fileEncoding = 4; lastKnownFileType = sourcecode.c.objc; path = Path.m; sourceTree = "<group>"; };
		0E46EF111C33A8370000BE18 /* GPS.h */ = {isa = PBXFileReference; fileEncoding = 4; lastKnownFileType = sourcecode.c.h; path = GPS.h; sourceTree = "<group>"; };
		0E46EF121C33A8370000BE18 /* GPS.m */ = {isa = PBXFileReference; fileEncoding = 4; lastKnownFileType = sourcecode.c.objc; path = GPS.m; sourceTree = "<group>"; };
		0E46EF141C33EBB60000BE18 /* PathGPS.h */ = {isa = PBXFileReference; fileEncoding = 4; lastKnownFileType = sourcecode.c.h; path = PathGPS.h; sourceTree = "<group>"; };
		0E46EF151C33EBB60000BE18 /* PathGPS.m */ = {isa = PBXFileReference; fileEncoding = 4; lastKnownFileType = sourcecode.c.objc; path = PathGPS.m; sourceTree = "<group>"; };
		0E46EF171C39707D0000BE18 /* PolylinesTableViewController.h */ = {isa = PBXFileReference; fileEncoding = 4; lastKnownFileType = sourcecode.c.h; path = PolylinesTableViewController.h; sourceTree = "<group>"; };
		0E46EF181C39707D0000BE18 /* PolylinesTableViewController.m */ = {isa = PBXFileReference; fileEncoding = 4; lastKnownFileType = sourcecode.c.objc; path = PolylinesTableViewController.m; sourceTree = "<group>"; };
		0E46EF1B1C3970DB0000BE18 /* MyNavigationController.h */ = {isa = PBXFileReference; fileEncoding = 4; lastKnownFileType = sourcecode.c.h; path = MyNavigationController.h; sourceTree = "<group>"; };
		0E46EF1C1C3970DB0000BE18 /* MyNavigationController.m */ = {isa = PBXFileReference; fileEncoding = 4; lastKnownFileType = sourcecode.c.objc; path = MyNavigationController.m; sourceTree = "<group>"; };
		0E46EF1E1C3975340000BE18 /* PolylineTableViewCell.h */ = {isa = PBXFileReference; fileEncoding = 4; lastKnownFileType = sourcecode.c.h; path = PolylineTableViewCell.h; sourceTree = "<group>"; };
		0E46EF1F1C3975340000BE18 /* PolylineTableViewCell.m */ = {isa = PBXFileReference; fileEncoding = 4; lastKnownFileType = sourcecode.c.objc; path = PolylineTableViewCell.m; sourceTree = "<group>"; };
		0EF05E201C29467A00243BB9 /* Maps.app */ = {isa = PBXFileReference; explicitFileType = wrapper.application; includeInIndex = 0; path = Maps.app; sourceTree = BUILT_PRODUCTS_DIR; };
		0EF05E241C29467A00243BB9 /* main.m */ = {isa = PBXFileReference; lastKnownFileType = sourcecode.c.objc; path = main.m; sourceTree = "<group>"; };
		0EF05E261C29467A00243BB9 /* AppDelegate.h */ = {isa = PBXFileReference; lastKnownFileType = sourcecode.c.h; path = AppDelegate.h; sourceTree = "<group>"; };
		0EF05E271C29467A00243BB9 /* AppDelegate.m */ = {isa = PBXFileReference; lastKnownFileType = sourcecode.c.objc; path = AppDelegate.m; sourceTree = "<group>"; };
		0EF05E2D1C29467A00243BB9 /* Base */ = {isa = PBXFileReference; lastKnownFileType = file.storyboard; name = Base; path = Base.lproj/Main.storyboard; sourceTree = "<group>"; };
		0EF05E301C29467A00243BB9 /* Maps.xcdatamodel */ = {isa = PBXFileReference; lastKnownFileType = wrapper.xcdatamodel; path = Maps.xcdatamodel; sourceTree = "<group>"; };
		0EF05E321C29467A00243BB9 /* Assets.xcassets */ = {isa = PBXFileReference; lastKnownFileType = folder.assetcatalog; path = Assets.xcassets; sourceTree = "<group>"; };
		0EF05E351C29467A00243BB9 /* Base */ = {isa = PBXFileReference; lastKnownFileType = file.storyboard; name = Base; path = Base.lproj/LaunchScreen.storyboard; sourceTree = "<group>"; };
		0EF05E371C29467A00243BB9 /* Info.plist */ = {isa = PBXFileReference; lastKnownFileType = text.plist.xml; path = Info.plist; sourceTree = "<group>"; };
		0EF05E3C1C29467A00243BB9 /* MapsTests.xctest */ = {isa = PBXFileReference; explicitFileType = wrapper.cfbundle; includeInIndex = 0; path = MapsTests.xctest; sourceTree = BUILT_PRODUCTS_DIR; };
		0EF05E401C29467A00243BB9 /* MapsTests.m */ = {isa = PBXFileReference; lastKnownFileType = sourcecode.c.objc; path = MapsTests.m; sourceTree = "<group>"; };
		0EF05E421C29467A00243BB9 /* Info.plist */ = {isa = PBXFileReference; lastKnownFileType = text.plist.xml; path = Info.plist; sourceTree = "<group>"; };
		0EF05E471C29467A00243BB9 /* MapsUITests.xctest */ = {isa = PBXFileReference; explicitFileType = wrapper.cfbundle; includeInIndex = 0; path = MapsUITests.xctest; sourceTree = BUILT_PRODUCTS_DIR; };
		0EF05E4B1C29467A00243BB9 /* MapsUITests.m */ = {isa = PBXFileReference; lastKnownFileType = sourcecode.c.objc; path = MapsUITests.m; sourceTree = "<group>"; };
		0EF05E4D1C29467A00243BB9 /* Info.plist */ = {isa = PBXFileReference; lastKnownFileType = text.plist.xml; path = Info.plist; sourceTree = "<group>"; };
		0EF05E591C29491B00243BB9 /* CoreLocation.framework */ = {isa = PBXFileReference; lastKnownFileType = wrapper.framework; name = CoreLocation.framework; path = System/Library/Frameworks/CoreLocation.framework; sourceTree = SDKROOT; };
		0EF05E9F1C29819500243BB9 /* SystemConfiguration.framework */ = {isa = PBXFileReference; lastKnownFileType = wrapper.framework; name = SystemConfiguration.framework; path = System/Library/Frameworks/SystemConfiguration.framework; sourceTree = SDKROOT; };
		0EF05EA11C29819E00243BB9 /* MobileCoreServices.framework */ = {isa = PBXFileReference; lastKnownFileType = wrapper.framework; name = MobileCoreServices.framework; path = System/Library/Frameworks/MobileCoreServices.framework; sourceTree = SDKROOT; };
		0EF05EA31C2981A600243BB9 /* AudioToolbox.framework */ = {isa = PBXFileReference; lastKnownFileType = wrapper.framework; name = AudioToolbox.framework; path = System/Library/Frameworks/AudioToolbox.framework; sourceTree = SDKROOT; };
		0EF05EB71C29843800243BB9 /* Bolts.framework */ = {isa = PBXFileReference; lastKnownFileType = wrapper.framework; path = Bolts.framework; sourceTree = "<group>"; };
		0EF05EB81C29843800243BB9 /* Parse.framework */ = {isa = PBXFileReference; lastKnownFileType = wrapper.framework; path = Parse.framework; sourceTree = "<group>"; };
		0EF05EB91C29843800243BB9 /* ParseFacebookUtils.framework */ = {isa = PBXFileReference; lastKnownFileType = wrapper.framework; path = ParseFacebookUtils.framework; sourceTree = "<group>"; };
		0EF05EBD1C2984D800243BB9 /* libsqlite3.dylib */ = {isa = PBXFileReference; lastKnownFileType = "compiled.mach-o.dylib"; name = libsqlite3.dylib; path = ../../../../../../usr/lib/libsqlite3.dylib; sourceTree = "<group>"; };
		0EF05F161C2A405800243BB9 /* GpsViewController.h */ = {isa = PBXFileReference; fileEncoding = 4; lastKnownFileType = sourcecode.c.h; path = GpsViewController.h; sourceTree = "<group>"; };
		0EF05F171C2A405800243BB9 /* GpsViewController.m */ = {isa = PBXFileReference; fileEncoding = 4; lastKnownFileType = sourcecode.c.objc; path = GpsViewController.m; sourceTree = "<group>"; };
		0EF05F1A1C2A7BA300243BB9 /* MapKit.framework */ = {isa = PBXFileReference; lastKnownFileType = wrapper.framework; name = MapKit.framework; path = System/Library/Frameworks/MapKit.framework; sourceTree = SDKROOT; };
		0EF05F1C1C2A8F0200243BB9 /* MyUITabBar.h */ = {isa = PBXFileReference; fileEncoding = 4; lastKnownFileType = sourcecode.c.h; path = MyUITabBar.h; sourceTree = "<group>"; };
		0EF05F1D1C2A8F0200243BB9 /* MyUITabBar.m */ = {isa = PBXFileReference; fileEncoding = 4; lastKnownFileType = sourcecode.c.objc; path = MyUITabBar.m; sourceTree = "<group>"; };
		0EF05F201C2A8F7F00243BB9 /* MyUITabBarController.h */ = {isa = PBXFileReference; fileEncoding = 4; lastKnownFileType = sourcecode.c.h; path = MyUITabBarController.h; sourceTree = "<group>"; };
		0EF05F211C2A8F7F00243BB9 /* MyUITabBarController.m */ = {isa = PBXFileReference; fileEncoding = 4; lastKnownFileType = sourcecode.c.objc; path = MyUITabBarController.m; sourceTree = "<group>"; };
		0EF05F231C2A989100243BB9 /* MapViewController.h */ = {isa = PBXFileReference; fileEncoding = 4; lastKnownFileType = sourcecode.c.h; path = MapViewController.h; sourceTree = "<group>"; };
		0EF05F241C2A989100243BB9 /* MapViewController.m */ = {isa = PBXFileReference; fileEncoding = 4; lastKnownFileType = sourcecode.c.objc; path = MapViewController.m; sourceTree = "<group>"; };
		0EF05F271C2B87C000243BB9 /* OAHUD.h */ = {isa = PBXFileReference; fileEncoding = 4; lastKnownFileType = sourcecode.c.h; path = OAHUD.h; sourceTree = "<group>"; };
		0EF05F281C2B87C000243BB9 /* OAHUD.m */ = {isa = PBXFileReference; fileEncoding = 4; lastKnownFileType = sourcecode.c.objc; path = OAHUD.m; sourceTree = "<group>"; };
		0EF05F2C1C2B950D00243BB9 /* AFHTTPRequestOperation.h */ = {isa = PBXFileReference; fileEncoding = 4; lastKnownFileType = sourcecode.c.h; path = AFHTTPRequestOperation.h; sourceTree = "<group>"; };
		0EF05F2D1C2B950D00243BB9 /* AFHTTPRequestOperation.m */ = {isa = PBXFileReference; fileEncoding = 4; lastKnownFileType = sourcecode.c.objc; path = AFHTTPRequestOperation.m; sourceTree = "<group>"; };
		0EF05F2E1C2B950D00243BB9 /* AFHTTPRequestOperationManager.h */ = {isa = PBXFileReference; fileEncoding = 4; lastKnownFileType = sourcecode.c.h; path = AFHTTPRequestOperationManager.h; sourceTree = "<group>"; };
		0EF05F2F1C2B950D00243BB9 /* AFHTTPRequestOperationManager.m */ = {isa = PBXFileReference; fileEncoding = 4; lastKnownFileType = sourcecode.c.objc; path = AFHTTPRequestOperationManager.m; sourceTree = "<group>"; };
		0EF05F301C2B950D00243BB9 /* AFHTTPSessionManager.h */ = {isa = PBXFileReference; fileEncoding = 4; lastKnownFileType = sourcecode.c.h; path = AFHTTPSessionManager.h; sourceTree = "<group>"; };
		0EF05F311C2B950D00243BB9 /* AFHTTPSessionManager.m */ = {isa = PBXFileReference; fileEncoding = 4; lastKnownFileType = sourcecode.c.objc; path = AFHTTPSessionManager.m; sourceTree = "<group>"; };
		0EF05F321C2B950D00243BB9 /* AFNetworking.h */ = {isa = PBXFileReference; fileEncoding = 4; lastKnownFileType = sourcecode.c.h; path = AFNetworking.h; sourceTree = "<group>"; };
		0EF05F331C2B950D00243BB9 /* AFNetworkReachabilityManager.h */ = {isa = PBXFileReference; fileEncoding = 4; lastKnownFileType = sourcecode.c.h; path = AFNetworkReachabilityManager.h; sourceTree = "<group>"; };
		0EF05F341C2B950D00243BB9 /* AFNetworkReachabilityManager.m */ = {isa = PBXFileReference; fileEncoding = 4; lastKnownFileType = sourcecode.c.objc; path = AFNetworkReachabilityManager.m; sourceTree = "<group>"; };
		0EF05F351C2B950D00243BB9 /* AFSecurityPolicy.h */ = {isa = PBXFileReference; fileEncoding = 4; lastKnownFileType = sourcecode.c.h; path = AFSecurityPolicy.h; sourceTree = "<group>"; };
		0EF05F361C2B950D00243BB9 /* AFSecurityPolicy.m */ = {isa = PBXFileReference; fileEncoding = 4; lastKnownFileType = sourcecode.c.objc; path = AFSecurityPolicy.m; sourceTree = "<group>"; };
		0EF05F371C2B950D00243BB9 /* AFURLConnectionOperation.h */ = {isa = PBXFileReference; fileEncoding = 4; lastKnownFileType = sourcecode.c.h; path = AFURLConnectionOperation.h; sourceTree = "<group>"; };
		0EF05F381C2B950D00243BB9 /* AFURLConnectionOperation.m */ = {isa = PBXFileReference; fileEncoding = 4; lastKnownFileType = sourcecode.c.objc; path = AFURLConnectionOperation.m; sourceTree = "<group>"; };
		0EF05F391C2B950D00243BB9 /* AFURLRequestSerialization.h */ = {isa = PBXFileReference; fileEncoding = 4; lastKnownFileType = sourcecode.c.h; path = AFURLRequestSerialization.h; sourceTree = "<group>"; };
		0EF05F3A1C2B950E00243BB9 /* AFURLRequestSerialization.m */ = {isa = PBXFileReference; fileEncoding = 4; lastKnownFileType = sourcecode.c.objc; path = AFURLRequestSerialization.m; sourceTree = "<group>"; };
		0EF05F3B1C2B950E00243BB9 /* AFURLResponseSerialization.h */ = {isa = PBXFileReference; fileEncoding = 4; lastKnownFileType = sourcecode.c.h; path = AFURLResponseSerialization.h; sourceTree = "<group>"; };
		0EF05F3C1C2B950E00243BB9 /* AFURLResponseSerialization.m */ = {isa = PBXFileReference; fileEncoding = 4; lastKnownFileType = sourcecode.c.objc; path = AFURLResponseSerialization.m; sourceTree = "<group>"; };
		0EF05F3D1C2B950E00243BB9 /* AFURLSessionManager.h */ = {isa = PBXFileReference; fileEncoding = 4; lastKnownFileType = sourcecode.c.h; path = AFURLSessionManager.h; sourceTree = "<group>"; };
		0EF05F3E1C2B950E00243BB9 /* AFURLSessionManager.m */ = {isa = PBXFileReference; fileEncoding = 4; lastKnownFileType = sourcecode.c.objc; path = AFURLSessionManager.m; sourceTree = "<group>"; };
		0EF05F491C2B968E00243BB9 /* RIButtonItem.h */ = {isa = PBXFileReference; fileEncoding = 4; lastKnownFileType = sourcecode.c.h; path = RIButtonItem.h; sourceTree = "<group>"; };
		0EF05F4A1C2B968E00243BB9 /* RIButtonItem.m */ = {isa = PBXFileReference; fileEncoding = 4; lastKnownFileType = sourcecode.c.objc; path = RIButtonItem.m; sourceTree = "<group>"; };
		0EF05F4B1C2B968E00243BB9 /* UIActionSheet+Blocks.h */ = {isa = PBXFileReference; fileEncoding = 4; lastKnownFileType = sourcecode.c.h; path = "UIActionSheet+Blocks.h"; sourceTree = "<group>"; };
		0EF05F4C1C2B968E00243BB9 /* UIActionSheet+Blocks.m */ = {isa = PBXFileReference; fileEncoding = 4; lastKnownFileType = sourcecode.c.objc; path = "UIActionSheet+Blocks.m"; sourceTree = "<group>"; };
		0EF05F4D1C2B968E00243BB9 /* UIAlertView+Blocks.h */ = {isa = PBXFileReference; fileEncoding = 4; lastKnownFileType = sourcecode.c.h; path = "UIAlertView+Blocks.h"; sourceTree = "<group>"; };
		0EF05F4E1C2B968E00243BB9 /* UIAlertView+Blocks.m */ = {isa = PBXFileReference; fileEncoding = 4; lastKnownFileType = sourcecode.c.objc; path = "UIAlertView+Blocks.m"; sourceTree = "<group>"; };
		0EF05F531C2BC10800243BB9 /* Header.h */ = {isa = PBXFileReference; lastKnownFileType = sourcecode.c.h; path = Header.h; sourceTree = "<group>"; };
		0EF05F571C2C59CE00243BB9 /* MemoView.h */ = {isa = PBXFileReference; fileEncoding = 4; lastKnownFileType = sourcecode.c.h; path = MemoView.h; sourceTree = "<group>"; };
		0EF05F581C2C59CE00243BB9 /* MemoView.m */ = {isa = PBXFileReference; fileEncoding = 4; lastKnownFileType = sourcecode.c.objc; path = MemoView.m; sourceTree = "<group>"; };
		0EF05FDA1C2D465500243BB9 /* MKAnnotationView+WebCache.h */ = {isa = PBXFileReference; fileEncoding = 4; lastKnownFileType = sourcecode.c.h; path = "MKAnnotationView+WebCache.h"; sourceTree = "<group>"; };
		0EF05FDB1C2D465500243BB9 /* MKAnnotationView+WebCache.m */ = {isa = PBXFileReference; fileEncoding = 4; lastKnownFileType = sourcecode.c.objc; path = "MKAnnotationView+WebCache.m"; sourceTree = "<group>"; };
		0EF05FDC1C2D465500243BB9 /* NSData+ImageContentType.h */ = {isa = PBXFileReference; fileEncoding = 4; lastKnownFileType = sourcecode.c.h; path = "NSData+ImageContentType.h"; sourceTree = "<group>"; };
		0EF05FDD1C2D465500243BB9 /* NSData+ImageContentType.m */ = {isa = PBXFileReference; fileEncoding = 4; lastKnownFileType = sourcecode.c.objc; path = "NSData+ImageContentType.m"; sourceTree = "<group>"; };
		0EF05FDE1C2D465500243BB9 /* SDImageCache.h */ = {isa = PBXFileReference; fileEncoding = 4; lastKnownFileType = sourcecode.c.h; path = SDImageCache.h; sourceTree = "<group>"; };
		0EF05FDF1C2D465500243BB9 /* SDImageCache.m */ = {isa = PBXFileReference; fileEncoding = 4; lastKnownFileType = sourcecode.c.objc; path = SDImageCache.m; sourceTree = "<group>"; };
		0EF05FE01C2D465500243BB9 /* SDWebImageCompat.h */ = {isa = PBXFileReference; fileEncoding = 4; lastKnownFileType = sourcecode.c.h; path = SDWebImageCompat.h; sourceTree = "<group>"; };
		0EF05FE11C2D465500243BB9 /* SDWebImageCompat.m */ = {isa = PBXFileReference; fileEncoding = 4; lastKnownFileType = sourcecode.c.objc; path = SDWebImageCompat.m; sourceTree = "<group>"; };
		0EF05FE21C2D465500243BB9 /* SDWebImageDecoder.h */ = {isa = PBXFileReference; fileEncoding = 4; lastKnownFileType = sourcecode.c.h; path = SDWebImageDecoder.h; sourceTree = "<group>"; };
		0EF05FE31C2D465500243BB9 /* SDWebImageDecoder.m */ = {isa = PBXFileReference; fileEncoding = 4; lastKnownFileType = sourcecode.c.objc; path = SDWebImageDecoder.m; sourceTree = "<group>"; };
		0EF05FE41C2D465500243BB9 /* SDWebImageDownloader.h */ = {isa = PBXFileReference; fileEncoding = 4; lastKnownFileType = sourcecode.c.h; path = SDWebImageDownloader.h; sourceTree = "<group>"; };
		0EF05FE51C2D465500243BB9 /* SDWebImageDownloader.m */ = {isa = PBXFileReference; fileEncoding = 4; lastKnownFileType = sourcecode.c.objc; path = SDWebImageDownloader.m; sourceTree = "<group>"; };
		0EF05FE61C2D465500243BB9 /* SDWebImageDownloaderOperation.h */ = {isa = PBXFileReference; fileEncoding = 4; lastKnownFileType = sourcecode.c.h; path = SDWebImageDownloaderOperation.h; sourceTree = "<group>"; };
		0EF05FE71C2D465500243BB9 /* SDWebImageDownloaderOperation.m */ = {isa = PBXFileReference; fileEncoding = 4; lastKnownFileType = sourcecode.c.objc; path = SDWebImageDownloaderOperation.m; sourceTree = "<group>"; };
		0EF05FE81C2D465500243BB9 /* SDWebImageManager.h */ = {isa = PBXFileReference; fileEncoding = 4; lastKnownFileType = sourcecode.c.h; path = SDWebImageManager.h; sourceTree = "<group>"; };
		0EF05FE91C2D465500243BB9 /* SDWebImageManager.m */ = {isa = PBXFileReference; fileEncoding = 4; lastKnownFileType = sourcecode.c.objc; path = SDWebImageManager.m; sourceTree = "<group>"; };
		0EF05FEA1C2D465500243BB9 /* SDWebImageOperation.h */ = {isa = PBXFileReference; fileEncoding = 4; lastKnownFileType = sourcecode.c.h; path = SDWebImageOperation.h; sourceTree = "<group>"; };
		0EF05FEB1C2D465500243BB9 /* SDWebImagePrefetcher.h */ = {isa = PBXFileReference; fileEncoding = 4; lastKnownFileType = sourcecode.c.h; path = SDWebImagePrefetcher.h; sourceTree = "<group>"; };
		0EF05FEC1C2D465500243BB9 /* SDWebImagePrefetcher.m */ = {isa = PBXFileReference; fileEncoding = 4; lastKnownFileType = sourcecode.c.objc; path = SDWebImagePrefetcher.m; sourceTree = "<group>"; };
		0EF05FED1C2D465500243BB9 /* UIButton+WebCache.h */ = {isa = PBXFileReference; fileEncoding = 4; lastKnownFileType = sourcecode.c.h; path = "UIButton+WebCache.h"; sourceTree = "<group>"; };
		0EF05FEE1C2D465500243BB9 /* UIButton+WebCache.m */ = {isa = PBXFileReference; fileEncoding = 4; lastKnownFileType = sourcecode.c.objc; path = "UIButton+WebCache.m"; sourceTree = "<group>"; };
		0EF05FEF1C2D465500243BB9 /* UIImage+GIF.h */ = {isa = PBXFileReference; fileEncoding = 4; lastKnownFileType = sourcecode.c.h; path = "UIImage+GIF.h"; sourceTree = "<group>"; };
		0EF05FF01C2D465500243BB9 /* UIImage+GIF.m */ = {isa = PBXFileReference; fileEncoding = 4; lastKnownFileType = sourcecode.c.objc; path = "UIImage+GIF.m"; sourceTree = "<group>"; };
		0EF05FF11C2D465500243BB9 /* UIImage+MultiFormat.h */ = {isa = PBXFileReference; fileEncoding = 4; lastKnownFileType = sourcecode.c.h; path = "UIImage+MultiFormat.h"; sourceTree = "<group>"; };
		0EF05FF21C2D465500243BB9 /* UIImage+MultiFormat.m */ = {isa = PBXFileReference; fileEncoding = 4; lastKnownFileType = sourcecode.c.objc; path = "UIImage+MultiFormat.m"; sourceTree = "<group>"; };
		0EF05FF31C2D465500243BB9 /* UIImage+WebP.h */ = {isa = PBXFileReference; fileEncoding = 4; lastKnownFileType = sourcecode.c.h; path = "UIImage+WebP.h"; sourceTree = "<group>"; };
		0EF05FF41C2D465500243BB9 /* UIImage+WebP.m */ = {isa = PBXFileReference; fileEncoding = 4; lastKnownFileType = sourcecode.c.objc; path = "UIImage+WebP.m"; sourceTree = "<group>"; };
		0EF05FF51C2D465500243BB9 /* UIImageView+HighlightedWebCache.h */ = {isa = PBXFileReference; fileEncoding = 4; lastKnownFileType = sourcecode.c.h; path = "UIImageView+HighlightedWebCache.h"; sourceTree = "<group>"; };
		0EF05FF61C2D465500243BB9 /* UIImageView+HighlightedWebCache.m */ = {isa = PBXFileReference; fileEncoding = 4; lastKnownFileType = sourcecode.c.objc; path = "UIImageView+HighlightedWebCache.m"; sourceTree = "<group>"; };
		0EF05FF71C2D465500243BB9 /* UIImageView+WebCache.h */ = {isa = PBXFileReference; fileEncoding = 4; lastKnownFileType = sourcecode.c.h; path = "UIImageView+WebCache.h"; sourceTree = "<group>"; };
		0EF05FF81C2D465500243BB9 /* UIImageView+WebCache.m */ = {isa = PBXFileReference; fileEncoding = 4; lastKnownFileType = sourcecode.c.objc; path = "UIImageView+WebCache.m"; sourceTree = "<group>"; };
		0EF05FF91C2D465500243BB9 /* UIView+WebCacheOperation.h */ = {isa = PBXFileReference; fileEncoding = 4; lastKnownFileType = sourcecode.c.h; path = "UIView+WebCacheOperation.h"; sourceTree = "<group>"; };
		0EF05FFA1C2D465500243BB9 /* UIView+WebCacheOperation.m */ = {isa = PBXFileReference; fileEncoding = 4; lastKnownFileType = sourcecode.c.objc; path = "UIView+WebCacheOperation.m"; sourceTree = "<group>"; };
		0EF0600E1C2D473700243BB9 /* MyAnnotation.h */ = {isa = PBXFileReference; fileEncoding = 4; lastKnownFileType = sourcecode.c.h; path = MyAnnotation.h; sourceTree = "<group>"; };
		0EF0600F1C2D473700243BB9 /* MyAnnotation.m */ = {isa = PBXFileReference; fileEncoding = 4; lastKnownFileType = sourcecode.c.objc; path = MyAnnotation.m; sourceTree = "<group>"; };
/* End PBXFileReference section */

/* Begin PBXFrameworksBuildPhase section */
		0EF05E1D1C29467A00243BB9 /* Frameworks */ = {
			isa = PBXFrameworksBuildPhase;
			buildActionMask = 2147483647;
			files = (
				0EF05F1B1C2A7BA300243BB9 /* MapKit.framework in Frameworks */,
				0EF05EBE1C2984D800243BB9 /* libsqlite3.dylib in Frameworks */,
				0EF05EBC1C29843800243BB9 /* ParseFacebookUtils.framework in Frameworks */,
				0EF05EBA1C29843800243BB9 /* Bolts.framework in Frameworks */,
				0EF05EA41C2981A600243BB9 /* AudioToolbox.framework in Frameworks */,
				0EF05EA21C29819E00243BB9 /* MobileCoreServices.framework in Frameworks */,
				0EF05EA01C29819500243BB9 /* SystemConfiguration.framework in Frameworks */,
				0EF05EBB1C29843800243BB9 /* Parse.framework in Frameworks */,
				0EF05E5A1C29491B00243BB9 /* CoreLocation.framework in Frameworks */,
			);
			runOnlyForDeploymentPostprocessing = 0;
		};
		0EF05E391C29467A00243BB9 /* Frameworks */ = {
			isa = PBXFrameworksBuildPhase;
			buildActionMask = 2147483647;
			files = (
			);
			runOnlyForDeploymentPostprocessing = 0;
		};
		0EF05E441C29467A00243BB9 /* Frameworks */ = {
			isa = PBXFrameworksBuildPhase;
			buildActionMask = 2147483647;
			files = (
			);
			runOnlyForDeploymentPostprocessing = 0;
		};
/* End PBXFrameworksBuildPhase section */

/* Begin PBXGroup section */
		0E46EE5C1C310F560000BE18 /* Marker */ = {
			isa = PBXGroup;
			children = (
				0E46EE571C310F500000BE18 /* Marker.h */,
				0E46EE581C310F500000BE18 /* Marker.m */,
				0E46EE591C310F500000BE18 /* Marker.xib */,
			);
			name = Marker;
			sourceTree = "<group>";
		};
		0E46EF0D1C33A5070000BE18 /* ActiveSupportInflector */ = {
			isa = PBXGroup;
			children = (
				0E46EF021C33A4FA0000BE18 /* ActiveSupportInflector.h */,
				0E46EF031C33A4FA0000BE18 /* ActiveSupportInflector.m */,
				0E46EF041C33A4FA0000BE18 /* ActiveSupportInflector.plist */,
				0E46EF051C33A4FA0000BE18 /* NSString+ActiveSupportInflector.h */,
				0E46EF061C33A4FA0000BE18 /* NSString+ActiveSupportInflector.m */,
			);
			name = ActiveSupportInflector;
			sourceTree = "<group>";
		};
		0E46EF0E1C33A50F0000BE18 /* ORM */ = {
			isa = PBXGroup;
			children = (
				0E46EEFF1C33A4F30000BE18 /* ORM.h */,
				0E46EF001C33A4F30000BE18 /* ORM.m */,
			);
			name = ORM;
			sourceTree = "<group>";
		};
		0E46EF0F1C33A51B0000BE18 /* Model */ = {
			isa = PBXGroup;
			children = (
				0E46EF0E1C33A50F0000BE18 /* ORM */,
				0E46EF0D1C33A5070000BE18 /* ActiveSupportInflector */,
				0E46EF0A1C33A5000000BE18 /* Path.h */,
				0E46EF0B1C33A5000000BE18 /* Path.m */,
			);
			name = Model;
			sourceTree = "<group>";
		};
		0E46EF101C33A8140000BE18 /* Location */ = {
			isa = PBXGroup;
			children = (
				0E46EF111C33A8370000BE18 /* GPS.h */,
				0E46EF121C33A8370000BE18 /* GPS.m */,
				0E46EF141C33EBB60000BE18 /* PathGPS.h */,
				0E46EF151C33EBB60000BE18 /* PathGPS.m */,
			);
			name = Location;
			sourceTree = "<group>";
		};
		0E46EF1A1C3970870000BE18 /* Polylines */ = {
			isa = PBXGroup;
			children = (
				0E46EF221C397B480000BE18 /* Navigation */,
				0E46EF211C3975420000BE18 /* Cell */,
				0E46EF171C39707D0000BE18 /* PolylinesTableViewController.h */,
				0E46EF181C39707D0000BE18 /* PolylinesTableViewController.m */,
			);
			name = Polylines;
			sourceTree = "<group>";
		};
		0E46EF211C3975420000BE18 /* Cell */ = {
			isa = PBXGroup;
			children = (
				0E46EF1E1C3975340000BE18 /* PolylineTableViewCell.h */,
				0E46EF1F1C3975340000BE18 /* PolylineTableViewCell.m */,
			);
			name = Cell;
			sourceTree = "<group>";
		};
		0E46EF221C397B480000BE18 /* Navigation */ = {
			isa = PBXGroup;
			children = (
				0E46EF1B1C3970DB0000BE18 /* MyNavigationController.h */,
				0E46EF1C1C3970DB0000BE18 /* MyNavigationController.m */,
			);
			name = Navigation;
			sourceTree = "<group>";
		};
		0EF05E171C29467A00243BB9 = {
			isa = PBXGroup;
			children = (
				0EF05EBD1C2984D800243BB9 /* libsqlite3.dylib */,
				0E46EEA41C3138F70000BE18 /* Maps.sqlite */,
				0EF05F481C2B966500243BB9 /* Library */,
				0EF05F1A1C2A7BA300243BB9 /* MapKit.framework */,
				0EF05EB71C29843800243BB9 /* Bolts.framework */,
				0EF05EB81C29843800243BB9 /* Parse.framework */,
				0EF05EB91C29843800243BB9 /* ParseFacebookUtils.framework */,
				0EF05EA31C2981A600243BB9 /* AudioToolbox.framework */,
				0EF05EA11C29819E00243BB9 /* MobileCoreServices.framework */,
				0EF05E9F1C29819500243BB9 /* SystemConfiguration.framework */,
				0EF05E591C29491B00243BB9 /* CoreLocation.framework */,
				0EF05E221C29467A00243BB9 /* Maps */,
				0EF05E3F1C29467A00243BB9 /* MapsTests */,
				0EF05E4A1C29467A00243BB9 /* MapsUITests */,
				0EF05E211C29467A00243BB9 /* Products */,
			);
			sourceTree = "<group>";
		};
		0EF05E211C29467A00243BB9 /* Products */ = {
			isa = PBXGroup;
			children = (
				0EF05E201C29467A00243BB9 /* Maps.app */,
				0EF05E3C1C29467A00243BB9 /* MapsTests.xctest */,
				0EF05E471C29467A00243BB9 /* MapsUITests.xctest */,
			);
			name = Products;
			sourceTree = "<group>";
		};
		0EF05E221C29467A00243BB9 /* Maps */ = {
			isa = PBXGroup;
			children = (
				0E46EF1A1C3970870000BE18 /* Polylines */,
				0EF05F531C2BC10800243BB9 /* Header.h */,
				0E46EF101C33A8140000BE18 /* Location */,
				0E46EF0F1C33A51B0000BE18 /* Model */,
				0EF05F261C2A989500243BB9 /* Map */,
				0EF05F1F1C2A8F0800243BB9 /* TabBar */,
				0EF05F191C2A405F00243BB9 /* Gps */,
				0EF05E261C29467A00243BB9 /* AppDelegate.h */,
				0EF05E271C29467A00243BB9 /* AppDelegate.m */,
				0EF05E2C1C29467A00243BB9 /* Main.storyboard */,
				0EF05E321C29467A00243BB9 /* Assets.xcassets */,
				0EF05E341C29467A00243BB9 /* LaunchScreen.storyboard */,
				0EF05E371C29467A00243BB9 /* Info.plist */,
				0EF05E2F1C29467A00243BB9 /* Maps.xcdatamodeld */,
				0EF05E231C29467A00243BB9 /* Supporting Files */,
			);
			path = Maps;
			sourceTree = "<group>";
		};
		0EF05E231C29467A00243BB9 /* Supporting Files */ = {
			isa = PBXGroup;
			children = (
				0EF05E241C29467A00243BB9 /* main.m */,
			);
			name = "Supporting Files";
			sourceTree = "<group>";
		};
		0EF05E3F1C29467A00243BB9 /* MapsTests */ = {
			isa = PBXGroup;
			children = (
				0EF05E401C29467A00243BB9 /* MapsTests.m */,
				0EF05E421C29467A00243BB9 /* Info.plist */,
			);
			path = MapsTests;
			sourceTree = "<group>";
		};
		0EF05E4A1C29467A00243BB9 /* MapsUITests */ = {
			isa = PBXGroup;
			children = (
				0EF05E4B1C29467A00243BB9 /* MapsUITests.m */,
				0EF05E4D1C29467A00243BB9 /* Info.plist */,
			);
			path = MapsUITests;
			sourceTree = "<group>";
		};
		0EF05F191C2A405F00243BB9 /* Gps */ = {
			isa = PBXGroup;
			children = (
				0E46EE5C1C310F560000BE18 /* Marker */,
				0EF0600D1C2D470900243BB9 /* MyAnnotation */,
				0EF0600C1C2D46EB00243BB9 /* MemoView */,
				0EF05F161C2A405800243BB9 /* GpsViewController.h */,
				0EF05F171C2A405800243BB9 /* GpsViewController.m */,
			);
			name = Gps;
			sourceTree = "<group>";
		};
		0EF05F1F1C2A8F0800243BB9 /* TabBar */ = {
			isa = PBXGroup;
			children = (
				0EF05F1C1C2A8F0200243BB9 /* MyUITabBar.h */,
				0EF05F1D1C2A8F0200243BB9 /* MyUITabBar.m */,
				0EF05F201C2A8F7F00243BB9 /* MyUITabBarController.h */,
				0EF05F211C2A8F7F00243BB9 /* MyUITabBarController.m */,
			);
			name = TabBar;
			sourceTree = "<group>";
		};
		0EF05F261C2A989500243BB9 /* Map */ = {
			isa = PBXGroup;
			children = (
				0EF05F231C2A989100243BB9 /* MapViewController.h */,
				0EF05F241C2A989100243BB9 /* MapViewController.m */,
			);
			name = Map;
			sourceTree = "<group>";
		};
		0EF05F2A1C2B87C300243BB9 /* OAHUD */ = {
			isa = PBXGroup;
			children = (
				0EF05F271C2B87C000243BB9 /* OAHUD.h */,
				0EF05F281C2B87C000243BB9 /* OAHUD.m */,
			);
			name = OAHUD;
			sourceTree = "<group>";
		};
		0EF05F2B1C2B950400243BB9 /* AFNetworking */ = {
			isa = PBXGroup;
			children = (
				0EF05F2C1C2B950D00243BB9 /* AFHTTPRequestOperation.h */,
				0EF05F2D1C2B950D00243BB9 /* AFHTTPRequestOperation.m */,
				0EF05F2E1C2B950D00243BB9 /* AFHTTPRequestOperationManager.h */,
				0EF05F2F1C2B950D00243BB9 /* AFHTTPRequestOperationManager.m */,
				0EF05F301C2B950D00243BB9 /* AFHTTPSessionManager.h */,
				0EF05F311C2B950D00243BB9 /* AFHTTPSessionManager.m */,
				0EF05F321C2B950D00243BB9 /* AFNetworking.h */,
				0EF05F331C2B950D00243BB9 /* AFNetworkReachabilityManager.h */,
				0EF05F341C2B950D00243BB9 /* AFNetworkReachabilityManager.m */,
				0EF05F351C2B950D00243BB9 /* AFSecurityPolicy.h */,
				0EF05F361C2B950D00243BB9 /* AFSecurityPolicy.m */,
				0EF05F371C2B950D00243BB9 /* AFURLConnectionOperation.h */,
				0EF05F381C2B950D00243BB9 /* AFURLConnectionOperation.m */,
				0EF05F391C2B950D00243BB9 /* AFURLRequestSerialization.h */,
				0EF05F3A1C2B950E00243BB9 /* AFURLRequestSerialization.m */,
				0EF05F3B1C2B950E00243BB9 /* AFURLResponseSerialization.h */,
				0EF05F3C1C2B950E00243BB9 /* AFURLResponseSerialization.m */,
				0EF05F3D1C2B950E00243BB9 /* AFURLSessionManager.h */,
				0EF05F3E1C2B950E00243BB9 /* AFURLSessionManager.m */,
			);
			name = AFNetworking;
			sourceTree = "<group>";
		};
		0EF05F481C2B966500243BB9 /* Library */ = {
			isa = PBXGroup;
			children = (
				0EF0600B1C2D465E00243BB9 /* SDWebImage */,
				0EF05F521C2B969B00243BB9 /* UIAlertView-Blocks */,
				0EF05F2B1C2B950400243BB9 /* AFNetworking */,
				0EF05F2A1C2B87C300243BB9 /* OAHUD */,
			);
			name = Library;
			path = Maps;
			sourceTree = "<group>";
		};
		0EF05F521C2B969B00243BB9 /* UIAlertView-Blocks */ = {
			isa = PBXGroup;
			children = (
				0EF05F491C2B968E00243BB9 /* RIButtonItem.h */,
				0EF05F4A1C2B968E00243BB9 /* RIButtonItem.m */,
				0EF05F4B1C2B968E00243BB9 /* UIActionSheet+Blocks.h */,
				0EF05F4C1C2B968E00243BB9 /* UIActionSheet+Blocks.m */,
				0EF05F4D1C2B968E00243BB9 /* UIAlertView+Blocks.h */,
				0EF05F4E1C2B968E00243BB9 /* UIAlertView+Blocks.m */,
			);
			name = "UIAlertView-Blocks";
			sourceTree = "<group>";
		};
		0EF0600B1C2D465E00243BB9 /* SDWebImage */ = {
			isa = PBXGroup;
			children = (
				0EF05FDA1C2D465500243BB9 /* MKAnnotationView+WebCache.h */,
				0EF05FDB1C2D465500243BB9 /* MKAnnotationView+WebCache.m */,
				0EF05FDC1C2D465500243BB9 /* NSData+ImageContentType.h */,
				0EF05FDD1C2D465500243BB9 /* NSData+ImageContentType.m */,
				0EF05FDE1C2D465500243BB9 /* SDImageCache.h */,
				0EF05FDF1C2D465500243BB9 /* SDImageCache.m */,
				0EF05FE01C2D465500243BB9 /* SDWebImageCompat.h */,
				0EF05FE11C2D465500243BB9 /* SDWebImageCompat.m */,
				0EF05FE21C2D465500243BB9 /* SDWebImageDecoder.h */,
				0EF05FE31C2D465500243BB9 /* SDWebImageDecoder.m */,
				0EF05FE41C2D465500243BB9 /* SDWebImageDownloader.h */,
				0EF05FE51C2D465500243BB9 /* SDWebImageDownloader.m */,
				0EF05FE61C2D465500243BB9 /* SDWebImageDownloaderOperation.h */,
				0EF05FE71C2D465500243BB9 /* SDWebImageDownloaderOperation.m */,
				0EF05FE81C2D465500243BB9 /* SDWebImageManager.h */,
				0EF05FE91C2D465500243BB9 /* SDWebImageManager.m */,
				0EF05FEA1C2D465500243BB9 /* SDWebImageOperation.h */,
				0EF05FEB1C2D465500243BB9 /* SDWebImagePrefetcher.h */,
				0EF05FEC1C2D465500243BB9 /* SDWebImagePrefetcher.m */,
				0EF05FED1C2D465500243BB9 /* UIButton+WebCache.h */,
				0EF05FEE1C2D465500243BB9 /* UIButton+WebCache.m */,
				0EF05FEF1C2D465500243BB9 /* UIImage+GIF.h */,
				0EF05FF01C2D465500243BB9 /* UIImage+GIF.m */,
				0EF05FF11C2D465500243BB9 /* UIImage+MultiFormat.h */,
				0EF05FF21C2D465500243BB9 /* UIImage+MultiFormat.m */,
				0EF05FF31C2D465500243BB9 /* UIImage+WebP.h */,
				0EF05FF41C2D465500243BB9 /* UIImage+WebP.m */,
				0EF05FF51C2D465500243BB9 /* UIImageView+HighlightedWebCache.h */,
				0EF05FF61C2D465500243BB9 /* UIImageView+HighlightedWebCache.m */,
				0EF05FF71C2D465500243BB9 /* UIImageView+WebCache.h */,
				0EF05FF81C2D465500243BB9 /* UIImageView+WebCache.m */,
				0EF05FF91C2D465500243BB9 /* UIView+WebCacheOperation.h */,
				0EF05FFA1C2D465500243BB9 /* UIView+WebCacheOperation.m */,
			);
			name = SDWebImage;
			sourceTree = "<group>";
		};
		0EF0600C1C2D46EB00243BB9 /* MemoView */ = {
			isa = PBXGroup;
			children = (
				0EF05F571C2C59CE00243BB9 /* MemoView.h */,
				0EF05F581C2C59CE00243BB9 /* MemoView.m */,
			);
			name = MemoView;
			sourceTree = "<group>";
		};
		0EF0600D1C2D470900243BB9 /* MyAnnotation */ = {
			isa = PBXGroup;
			children = (
				0EF0600E1C2D473700243BB9 /* MyAnnotation.h */,
				0EF0600F1C2D473700243BB9 /* MyAnnotation.m */,
			);
			name = MyAnnotation;
			sourceTree = "<group>";
		};
/* End PBXGroup section */

/* Begin PBXNativeTarget section */
		0EF05E1F1C29467A00243BB9 /* Maps */ = {
			isa = PBXNativeTarget;
			buildConfigurationList = 0EF05E501C29467A00243BB9 /* Build configuration list for PBXNativeTarget "Maps" */;
			buildPhases = (
				0EF05E1C1C29467A00243BB9 /* Sources */,
				0EF05E1D1C29467A00243BB9 /* Frameworks */,
				0EF05E1E1C29467A00243BB9 /* Resources */,
			);
			buildRules = (
			);
			dependencies = (
			);
			name = Maps;
			productName = Maps;
			productReference = 0EF05E201C29467A00243BB9 /* Maps.app */;
			productType = "com.apple.product-type.application";
		};
		0EF05E3B1C29467A00243BB9 /* MapsTests */ = {
			isa = PBXNativeTarget;
			buildConfigurationList = 0EF05E531C29467A00243BB9 /* Build configuration list for PBXNativeTarget "MapsTests" */;
			buildPhases = (
				0EF05E381C29467A00243BB9 /* Sources */,
				0EF05E391C29467A00243BB9 /* Frameworks */,
				0EF05E3A1C29467A00243BB9 /* Resources */,
			);
			buildRules = (
			);
			dependencies = (
				0EF05E3E1C29467A00243BB9 /* PBXTargetDependency */,
			);
			name = MapsTests;
			productName = MapsTests;
			productReference = 0EF05E3C1C29467A00243BB9 /* MapsTests.xctest */;
			productType = "com.apple.product-type.bundle.unit-test";
		};
		0EF05E461C29467A00243BB9 /* MapsUITests */ = {
			isa = PBXNativeTarget;
			buildConfigurationList = 0EF05E561C29467A00243BB9 /* Build configuration list for PBXNativeTarget "MapsUITests" */;
			buildPhases = (
				0EF05E431C29467A00243BB9 /* Sources */,
				0EF05E441C29467A00243BB9 /* Frameworks */,
				0EF05E451C29467A00243BB9 /* Resources */,
			);
			buildRules = (
			);
			dependencies = (
				0EF05E491C29467A00243BB9 /* PBXTargetDependency */,
			);
			name = MapsUITests;
			productName = MapsUITests;
			productReference = 0EF05E471C29467A00243BB9 /* MapsUITests.xctest */;
			productType = "com.apple.product-type.bundle.ui-testing";
		};
/* End PBXNativeTarget section */

/* Begin PBXProject section */
		0EF05E181C29467A00243BB9 /* Project object */ = {
			isa = PBXProject;
			attributes = {
				LastUpgradeCheck = 0720;
				ORGANIZATIONNAME = "OA Wu";
				TargetAttributes = {
					0EF05E1F1C29467A00243BB9 = {
						CreatedOnToolsVersion = 7.2;
						DevelopmentTeam = V6T9TGS4ET;
						SystemCapabilities = {
							com.apple.BackgroundModes = {
								enabled = 1;
							};
							com.apple.Push = {
								enabled = 1;
							};
						};
					};
					0EF05E3B1C29467A00243BB9 = {
						CreatedOnToolsVersion = 7.2;
						TestTargetID = 0EF05E1F1C29467A00243BB9;
					};
					0EF05E461C29467A00243BB9 = {
						CreatedOnToolsVersion = 7.2;
						TestTargetID = 0EF05E1F1C29467A00243BB9;
					};
				};
			};
			buildConfigurationList = 0EF05E1B1C29467A00243BB9 /* Build configuration list for PBXProject "Maps" */;
			compatibilityVersion = "Xcode 3.2";
			developmentRegion = English;
			hasScannedForEncodings = 0;
			knownRegions = (
				en,
				Base,
			);
			mainGroup = 0EF05E171C29467A00243BB9;
			productRefGroup = 0EF05E211C29467A00243BB9 /* Products */;
			projectDirPath = "";
			projectRoot = "";
			targets = (
				0EF05E1F1C29467A00243BB9 /* Maps */,
				0EF05E3B1C29467A00243BB9 /* MapsTests */,
				0EF05E461C29467A00243BB9 /* MapsUITests */,
			);
		};
/* End PBXProject section */

/* Begin PBXResourcesBuildPhase section */
		0EF05E1E1C29467A00243BB9 /* Resources */ = {
			isa = PBXResourcesBuildPhase;
			buildActionMask = 2147483647;
			files = (
				0E46EEA51C3138F70000BE18 /* Maps.sqlite in Resources */,
				0EF05E361C29467A00243BB9 /* LaunchScreen.storyboard in Resources */,
				0E46EE5B1C310F500000BE18 /* Marker.xib in Resources */,
				0EF05E331C29467A00243BB9 /* Assets.xcassets in Resources */,
				0EF05E2E1C29467A00243BB9 /* Main.storyboard in Resources */,
				0E46EF081C33A4FA0000BE18 /* ActiveSupportInflector.plist in Resources */,
			);
			runOnlyForDeploymentPostprocessing = 0;
		};
		0EF05E3A1C29467A00243BB9 /* Resources */ = {
			isa = PBXResourcesBuildPhase;
			buildActionMask = 2147483647;
			files = (
			);
			runOnlyForDeploymentPostprocessing = 0;
		};
		0EF05E451C29467A00243BB9 /* Resources */ = {
			isa = PBXResourcesBuildPhase;
			buildActionMask = 2147483647;
			files = (
			);
			runOnlyForDeploymentPostprocessing = 0;
		};
/* End PBXResourcesBuildPhase section */

/* Begin PBXSourcesBuildPhase section */
		0EF05E1C1C29467A00243BB9 /* Sources */ = {
			isa = PBXSourcesBuildPhase;
			buildActionMask = 2147483647;
			files = (
				0EF05FFF1C2D465500243BB9 /* SDWebImageDecoder.m in Sources */,
				0EF0600A1C2D465500243BB9 /* UIView+WebCacheOperation.m in Sources */,
				0E46EF0C1C33A5000000BE18 /* Path.m in Sources */,
				0EF05F431C2B950E00243BB9 /* AFSecurityPolicy.m in Sources */,
				0EF060021C2D465500243BB9 /* SDWebImageManager.m in Sources */,
				0EF05F291C2B87C000243BB9 /* OAHUD.m in Sources */,
				0EF05F4F1C2B968E00243BB9 /* RIButtonItem.m in Sources */,
				0E46EF191C39707D0000BE18 /* PolylinesTableViewController.m in Sources */,
				0EF05F501C2B968E00243BB9 /* UIActionSheet+Blocks.m in Sources */,
				0EF05FFE1C2D465500243BB9 /* SDWebImageCompat.m in Sources */,
				0EF060011C2D465500243BB9 /* SDWebImageDownloaderOperation.m in Sources */,
				0EF05F421C2B950E00243BB9 /* AFNetworkReachabilityManager.m in Sources */,
				0EF060091C2D465500243BB9 /* UIImageView+WebCache.m in Sources */,
				0EF05F441C2B950E00243BB9 /* AFURLConnectionOperation.m in Sources */,
				0EF05F3F1C2B950E00243BB9 /* AFHTTPRequestOperation.m in Sources */,
				0E46EF131C33A8370000BE18 /* GPS.m in Sources */,
				0EF05F411C2B950E00243BB9 /* AFHTTPSessionManager.m in Sources */,
				0EF060081C2D465500243BB9 /* UIImageView+HighlightedWebCache.m in Sources */,
				0EF05F451C2B950E00243BB9 /* AFURLRequestSerialization.m in Sources */,
				0EF05F1E1C2A8F0200243BB9 /* MyUITabBar.m in Sources */,
				0EF05F471C2B950E00243BB9 /* AFURLSessionManager.m in Sources */,
				0EF060051C2D465500243BB9 /* UIImage+GIF.m in Sources */,
				0E46EF161C33EBB60000BE18 /* PathGPS.m in Sources */,
				0EF060061C2D465500243BB9 /* UIImage+MultiFormat.m in Sources */,
				0EF060071C2D465500243BB9 /* UIImage+WebP.m in Sources */,
				0E46EF011C33A4F30000BE18 /* ORM.m in Sources */,
				0E46EE5A1C310F500000BE18 /* Marker.m in Sources */,
				0EF060031C2D465500243BB9 /* SDWebImagePrefetcher.m in Sources */,
				0EF05E281C29467A00243BB9 /* AppDelegate.m in Sources */,
				0EF05F401C2B950E00243BB9 /* AFHTTPRequestOperationManager.m in Sources */,
				0EF05F251C2A989100243BB9 /* MapViewController.m in Sources */,
				0E46EF1D1C3970DB0000BE18 /* MyNavigationController.m in Sources */,
				0EF060101C2D473700243BB9 /* MyAnnotation.m in Sources */,
				0E46EF201C3975340000BE18 /* PolylineTableViewCell.m in Sources */,
				0EF05F461C2B950E00243BB9 /* AFURLResponseSerialization.m in Sources */,
				0EF05FFB1C2D465500243BB9 /* MKAnnotationView+WebCache.m in Sources */,
				0EF05F181C2A405800243BB9 /* GpsViewController.m in Sources */,
				0EF060001C2D465500243BB9 /* SDWebImageDownloader.m in Sources */,
				0EF060041C2D465500243BB9 /* UIButton+WebCache.m in Sources */,
				0EF05F591C2C59CE00243BB9 /* MemoView.m in Sources */,
				0EF05FFC1C2D465500243BB9 /* NSData+ImageContentType.m in Sources */,
				0EF05E311C29467A00243BB9 /* Maps.xcdatamodeld in Sources */,
				0EF05F511C2B968E00243BB9 /* UIAlertView+Blocks.m in Sources */,
				0E46EF071C33A4FA0000BE18 /* ActiveSupportInflector.m in Sources */,
				0EF05FFD1C2D465500243BB9 /* SDImageCache.m in Sources */,
				0EF05E251C29467A00243BB9 /* main.m in Sources */,
				0E46EF091C33A4FA0000BE18 /* NSString+ActiveSupportInflector.m in Sources */,
				0EF05F221C2A8F7F00243BB9 /* MyUITabBarController.m in Sources */,
			);
			runOnlyForDeploymentPostprocessing = 0;
		};
		0EF05E381C29467A00243BB9 /* Sources */ = {
			isa = PBXSourcesBuildPhase;
			buildActionMask = 2147483647;
			files = (
				0EF05E411C29467A00243BB9 /* MapsTests.m in Sources */,
			);
			runOnlyForDeploymentPostprocessing = 0;
		};
		0EF05E431C29467A00243BB9 /* Sources */ = {
			isa = PBXSourcesBuildPhase;
			buildActionMask = 2147483647;
			files = (
				0EF05E4C1C29467A00243BB9 /* MapsUITests.m in Sources */,
			);
			runOnlyForDeploymentPostprocessing = 0;
		};
/* End PBXSourcesBuildPhase section */

/* Begin PBXTargetDependency section */
		0EF05E3E1C29467A00243BB9 /* PBXTargetDependency */ = {
			isa = PBXTargetDependency;
			target = 0EF05E1F1C29467A00243BB9 /* Maps */;
			targetProxy = 0EF05E3D1C29467A00243BB9 /* PBXContainerItemProxy */;
		};
		0EF05E491C29467A00243BB9 /* PBXTargetDependency */ = {
			isa = PBXTargetDependency;
			target = 0EF05E1F1C29467A00243BB9 /* Maps */;
			targetProxy = 0EF05E481C29467A00243BB9 /* PBXContainerItemProxy */;
		};
/* End PBXTargetDependency section */

/* Begin PBXVariantGroup section */
		0EF05E2C1C29467A00243BB9 /* Main.storyboard */ = {
			isa = PBXVariantGroup;
			children = (
				0EF05E2D1C29467A00243BB9 /* Base */,
			);
			name = Main.storyboard;
			sourceTree = "<group>";
		};
		0EF05E341C29467A00243BB9 /* LaunchScreen.storyboard */ = {
			isa = PBXVariantGroup;
			children = (
				0EF05E351C29467A00243BB9 /* Base */,
			);
			name = LaunchScreen.storyboard;
			sourceTree = "<group>";
		};
/* End PBXVariantGroup section */

/* Begin XCBuildConfiguration section */
		0EF05E4E1C29467A00243BB9 /* Debug */ = {
			isa = XCBuildConfiguration;
			buildSettings = {
				ALWAYS_SEARCH_USER_PATHS = NO;
				CLANG_CXX_LANGUAGE_STANDARD = "gnu++0x";
				CLANG_CXX_LIBRARY = "libc++";
				CLANG_ENABLE_MODULES = YES;
				CLANG_ENABLE_OBJC_ARC = YES;
				CLANG_WARN_BOOL_CONVERSION = YES;
				CLANG_WARN_CONSTANT_CONVERSION = YES;
				CLANG_WARN_DIRECT_OBJC_ISA_USAGE = YES_ERROR;
				CLANG_WARN_EMPTY_BODY = YES;
				CLANG_WARN_ENUM_CONVERSION = YES;
				CLANG_WARN_INT_CONVERSION = YES;
				CLANG_WARN_OBJC_ROOT_CLASS = YES_ERROR;
				CLANG_WARN_UNREACHABLE_CODE = YES;
				CLANG_WARN__DUPLICATE_METHOD_MATCH = YES;
				"CODE_SIGN_IDENTITY[sdk=iphoneos*]" = "iPhone Developer";
				COPY_PHASE_STRIP = NO;
				DEBUG_INFORMATION_FORMAT = dwarf;
				ENABLE_STRICT_OBJC_MSGSEND = YES;
				ENABLE_TESTABILITY = YES;
				GCC_C_LANGUAGE_STANDARD = gnu99;
				GCC_DYNAMIC_NO_PIC = NO;
				GCC_NO_COMMON_BLOCKS = YES;
				GCC_OPTIMIZATION_LEVEL = 0;
				GCC_PREPROCESSOR_DEFINITIONS = (
					"DEBUG=1",
					"$(inherited)",
				);
				GCC_WARN_64_TO_32_BIT_CONVERSION = YES;
				GCC_WARN_ABOUT_RETURN_TYPE = YES_ERROR;
				GCC_WARN_UNDECLARED_SELECTOR = YES;
				GCC_WARN_UNINITIALIZED_AUTOS = YES_AGGRESSIVE;
				GCC_WARN_UNUSED_FUNCTION = YES;
				GCC_WARN_UNUSED_VARIABLE = YES;
				IPHONEOS_DEPLOYMENT_TARGET = 9.1;
				MTL_ENABLE_DEBUG_INFO = YES;
				ONLY_ACTIVE_ARCH = YES;
				SDKROOT = iphoneos;
			};
			name = Debug;
		};
		0EF05E4F1C29467A00243BB9 /* Release */ = {
			isa = XCBuildConfiguration;
			buildSettings = {
				ALWAYS_SEARCH_USER_PATHS = NO;
				CLANG_CXX_LANGUAGE_STANDARD = "gnu++0x";
				CLANG_CXX_LIBRARY = "libc++";
				CLANG_ENABLE_MODULES = YES;
				CLANG_ENABLE_OBJC_ARC = YES;
				CLANG_WARN_BOOL_CONVERSION = YES;
				CLANG_WARN_CONSTANT_CONVERSION = YES;
				CLANG_WARN_DIRECT_OBJC_ISA_USAGE = YES_ERROR;
				CLANG_WARN_EMPTY_BODY = YES;
				CLANG_WARN_ENUM_CONVERSION = YES;
				CLANG_WARN_INT_CONVERSION = YES;
				CLANG_WARN_OBJC_ROOT_CLASS = YES_ERROR;
				CLANG_WARN_UNREACHABLE_CODE = YES;
				CLANG_WARN__DUPLICATE_METHOD_MATCH = YES;
				"CODE_SIGN_IDENTITY[sdk=iphoneos*]" = "iPhone Developer";
				COPY_PHASE_STRIP = NO;
				DEBUG_INFORMATION_FORMAT = "dwarf-with-dsym";
				ENABLE_NS_ASSERTIONS = NO;
				ENABLE_STRICT_OBJC_MSGSEND = YES;
				GCC_C_LANGUAGE_STANDARD = gnu99;
				GCC_NO_COMMON_BLOCKS = YES;
				GCC_WARN_64_TO_32_BIT_CONVERSION = YES;
				GCC_WARN_ABOUT_RETURN_TYPE = YES_ERROR;
				GCC_WARN_UNDECLARED_SELECTOR = YES;
				GCC_WARN_UNINITIALIZED_AUTOS = YES_AGGRESSIVE;
				GCC_WARN_UNUSED_FUNCTION = YES;
				GCC_WARN_UNUSED_VARIABLE = YES;
				IPHONEOS_DEPLOYMENT_TARGET = 9.1;
				MTL_ENABLE_DEBUG_INFO = NO;
				SDKROOT = iphoneos;
				VALIDATE_PRODUCT = YES;
			};
			name = Release;
		};
		0EF05E511C29467A00243BB9 /* Debug */ = {
			isa = XCBuildConfiguration;
			buildSettings = {
				ASSETCATALOG_COMPILER_APPICON_NAME = AppIcon;
				CODE_SIGN_IDENTITY = "iPhone Developer";
				"CODE_SIGN_IDENTITY[sdk=iphoneos*]" = "iPhone Developer";
				ENABLE_BITCODE = NO;
				FRAMEWORK_SEARCH_PATHS = (
					"$(inherited)",
					"$(PROJECT_DIR)",
				);
				INFOPLIST_FILE = Maps/Info.plist;
				IPHONEOS_DEPLOYMENT_TARGET = 9.1;
				LD_RUNPATH_SEARCH_PATHS = "$(inherited) @executable_path/Frameworks";
				MTL_ENABLE_DEBUG_INFO = YES;
				ONLY_ACTIVE_ARCH = YES;
				PRODUCT_BUNDLE_IDENTIFIER = tw.ioa.Maps;
				PRODUCT_NAME = "$(TARGET_NAME)";
				PROVISIONING_PROFILE = "";
				TARGETED_DEVICE_FAMILY = 1;
			};
			name = Debug;
		};
		0EF05E521C29467A00243BB9 /* Release */ = {
			isa = XCBuildConfiguration;
			buildSettings = {
				ASSETCATALOG_COMPILER_APPICON_NAME = AppIcon;
				CODE_SIGN_IDENTITY = "iPhone Developer";
				"CODE_SIGN_IDENTITY[sdk=iphoneos*]" = "iPhone Developer";
				ENABLE_BITCODE = NO;
				FRAMEWORK_SEARCH_PATHS = (
					"$(inherited)",
					"$(PROJECT_DIR)",
				);
				INFOPLIST_FILE = Maps/Info.plist;
				IPHONEOS_DEPLOYMENT_TARGET = 9.1;
				LD_RUNPATH_SEARCH_PATHS = "$(inherited) @executable_path/Frameworks";
				PRODUCT_BUNDLE_IDENTIFIER = tw.ioa.Maps;
				PRODUCT_NAME = "$(TARGET_NAME)";
				PROVISIONING_PROFILE = "";
				TARGETED_DEVICE_FAMILY = 1;
				VALIDATE_PRODUCT = YES;
			};
			name = Release;
		};
		0EF05E541C29467A00243BB9 /* Debug */ = {
			isa = XCBuildConfiguration;
			buildSettings = {
				BUNDLE_LOADER = "$(TEST_HOST)";
				INFOPLIST_FILE = MapsTests/Info.plist;
				LD_RUNPATH_SEARCH_PATHS = "$(inherited) @executable_path/Frameworks @loader_path/Frameworks";
				PRODUCT_BUNDLE_IDENTIFIER = tw.ioa.MapsTests;
				PRODUCT_NAME = "$(TARGET_NAME)";
				TEST_HOST = "$(BUILT_PRODUCTS_DIR)/Maps.app/Maps";
			};
			name = Debug;
		};
		0EF05E551C29467A00243BB9 /* Release */ = {
			isa = XCBuildConfiguration;
			buildSettings = {
				BUNDLE_LOADER = "$(TEST_HOST)";
				INFOPLIST_FILE = MapsTests/Info.plist;
				LD_RUNPATH_SEARCH_PATHS = "$(inherited) @executable_path/Frameworks @loader_path/Frameworks";
				PRODUCT_BUNDLE_IDENTIFIER = tw.ioa.MapsTests;
				PRODUCT_NAME = "$(TARGET_NAME)";
				TEST_HOST = "$(BUILT_PRODUCTS_DIR)/Maps.app/Maps";
			};
			name = Release;
		};
		0EF05E571C29467A00243BB9 /* Debug */ = {
			isa = XCBuildConfiguration;
			buildSettings = {
				INFOPLIST_FILE = MapsUITests/Info.plist;
				LD_RUNPATH_SEARCH_PATHS = "$(inherited) @executable_path/Frameworks @loader_path/Frameworks";
				PRODUCT_BUNDLE_IDENTIFIER = tw.ioa.MapsUITests;
				PRODUCT_NAME = "$(TARGET_NAME)";
				TEST_TARGET_NAME = Maps;
				USES_XCTRUNNER = YES;
			};
			name = Debug;
		};
		0EF05E581C29467A00243BB9 /* Release */ = {
			isa = XCBuildConfiguration;
			buildSettings = {
				INFOPLIST_FILE = MapsUITests/Info.plist;
				LD_RUNPATH_SEARCH_PATHS = "$(inherited) @executable_path/Frameworks @loader_path/Frameworks";
				PRODUCT_BUNDLE_IDENTIFIER = tw.ioa.MapsUITests;
				PRODUCT_NAME = "$(TARGET_NAME)";
				TEST_TARGET_NAME = Maps;
				USES_XCTRUNNER = YES;
			};
			name = Release;
		};
/* End XCBuildConfiguration section */

/* Begin XCConfigurationList section */
		0EF05E1B1C29467A00243BB9 /* Build configuration list for PBXProject "Maps" */ = {
			isa = XCConfigurationList;
			buildConfigurations = (
				0EF05E4E1C29467A00243BB9 /* Debug */,
				0EF05E4F1C29467A00243BB9 /* Release */,
			);
			defaultConfigurationIsVisible = 0;
			defaultConfigurationName = Release;
		};
		0EF05E501C29467A00243BB9 /* Build configuration list for PBXNativeTarget "Maps" */ = {
			isa = XCConfigurationList;
			buildConfigurations = (
				0EF05E511C29467A00243BB9 /* Debug */,
				0EF05E521C29467A00243BB9 /* Release */,
			);
			defaultConfigurationIsVisible = 0;
			defaultConfigurationName = Release;
		};
		0EF05E531C29467A00243BB9 /* Build configuration list for PBXNativeTarget "MapsTests" */ = {
			isa = XCConfigurationList;
			buildConfigurations = (
				0EF05E541C29467A00243BB9 /* Debug */,
				0EF05E551C29467A00243BB9 /* Release */,
			);
			defaultConfigurationIsVisible = 0;
			defaultConfigurationName = Release;
		};
		0EF05E561C29467A00243BB9 /* Build configuration list for PBXNativeTarget "MapsUITests" */ = {
			isa = XCConfigurationList;
			buildConfigurations = (
				0EF05E571C29467A00243BB9 /* Debug */,
				0EF05E581C29467A00243BB9 /* Release */,
			);
			defaultConfigurationIsVisible = 0;
			defaultConfigurationName = Release;
		};
/* End XCConfigurationList section */

/* Begin XCVersionGroup section */
		0EF05E2F1C29467A00243BB9 /* Maps.xcdatamodeld */ = {
			isa = XCVersionGroup;
			children = (
				0EF05E301C29467A00243BB9 /* Maps.xcdatamodel */,
			);
			currentVersion = 0EF05E301C29467A00243BB9 /* Maps.xcdatamodel */;
			path = Maps.xcdatamodeld;
			sourceTree = "<group>";
			versionGroupType = wrapper.xcdatamodel;
		};
/* End XCVersionGroup section */
	};
	rootObject = 0EF05E181C29467A00243BB9 /* Project object */;
}
